
Microsoft Visual Studio Solution File, Format Version 12.00
# Visual Studio Version 16
VisualStudioVersion = 16.0.29519.87
MinimumVisualStudioVersion = 10.0.40219.1
Project("{FAE04EC0-301F-11D3-BF4B-00C04F79EFBC}") = "Bai Thay chương", "Bai Thay chương\Bai Thay chương.csproj", "{61EE2231-683A-4809-85D3-23515E94DA8C}"
EndProject
Global
	GlobalSection(SolutionConfigurationPlatforms) = preSolution
		Debug|Any CPU = Debug|Any CPU
		Release|Any CPU = Release|Any CPU
	EndGlobalSection
	GlobalSection(ProjectConfigurationPlatforms) = postSolution
		{61EE2231-683A-4809-85D3-23515E94DA8C}.Debug|Any CPU.ActiveCfg = Debug|Any CPU
		{61EE2231-683A-4809-85D3-23515E94DA8C}.Debug|Any CPU.Build.0 = Debug|Any CPU
		{61EE2231-683A-4809-85D3-23515E94DA8C}.Release|Any CPU.ActiveCfg = Release|Any CPU
		{61EE2231-683A-4809-85D3-23515E94DA8C}.Release|Any CPU.Build.0 = Release|Any CPU
	EndGlobalSection
	GlobalSection(SolutionProperties) = preSolution
		HideSolutionNode = FALSE
	EndGlobalSection
	GlobalSection(ExtensibilityGlobals) = postSolution
		SolutionGuid = {92C28A76-D486-4F0D-8600-855967806D2A}
	EndGlobalSection
EndGlobal
